
Microsoft Visual Studio Solution File, Format Version 12.00
# Visual Studio Version 17
VisualStudioVersion = 17.6.33815.320
MinimumVisualStudioVersion = 10.0.40219.1
Project("{FAE04EC0-301F-11D3-BF4B-00C04F79EFBC}") = "CalculadoradeInteiros", "CalculadoradeInteiros\CalculadoradeInteiros.csproj", "{467B3848-7464-441D-8F19-98709D61DB28}"
EndProject
Global
	GlobalSection(SolutionConfigurationPlatforms) = preSolution
		Debug|Any CPU = Debug|Any CPU
		Release|Any CPU = Release|Any CPU
	EndGlobalSection
	GlobalSection(ProjectConfigurationPlatforms) = postSolution
		{467B3848-7464-441D-8F19-98709D61DB28}.Debug|Any CPU.ActiveCfg = Debug|Any CPU
		{467B3848-7464-441D-8F19-98709D61DB28}.Debug|Any CPU.Build.0 = Debug|Any CPU
		{467B3848-7464-441D-8F19-98709D61DB28}.Release|Any CPU.ActiveCfg = Release|Any CPU
		{467B3848-7464-441D-8F19-98709D61DB28}.Release|Any CPU.Build.0 = Release|Any CPU
	EndGlobalSection
	GlobalSection(SolutionProperties) = preSolution
		HideSolutionNode = FALSE
	EndGlobalSection
	GlobalSection(ExtensibilityGlobals) = postSolution
		SolutionGuid = {18AD00A0-C3F3-4358-9B89-607051D75585}
	EndGlobalSection
EndGlobal
